// !$*UTF8*$!
{
	archiveVersion = 1;
	classes = {
	};
	objectVersion = 56;
	objects = {

/* Begin PBXBuildFile section */
		A90F852728E3424900DDA5E0 /* Database.swift in Sources */ = {isa = PBXBuildFile; fileRef = A90F852628E3424900DDA5E0 /* Database.swift */; };
		A90F852A28E3463C00DDA5E0 /* MagazineList.swift in Sources */ = {isa = PBXBuildFile; fileRef = A90F852928E3463C00DDA5E0 /* MagazineList.swift */; };
		A90F852C28E350CD00DDA5E0 /* MagazineCoverRow.swift in Sources */ = {isa = PBXBuildFile; fileRef = A90F852B28E350CD00DDA5E0 /* MagazineCoverRow.swift */; };
		A90F852E28E3580300DDA5E0 /* ArticleConetntsList.swift in Sources */ = {isa = PBXBuildFile; fileRef = A90F852D28E3580300DDA5E0 /* ArticleConetntsList.swift */; };
		A90F853128E3622000DDA5E0 /* Extensions.swift in Sources */ = {isa = PBXBuildFile; fileRef = A90F853028E3622000DDA5E0 /* Extensions.swift */; };
		A90F853328E3F0D100DDA5E0 /* ArticleContentRow.swift in Sources */ = {isa = PBXBuildFile; fileRef = A90F853228E3F0D100DDA5E0 /* ArticleContentRow.swift */; };
		A91878ED29363BF90015E00E /* SafariView.swift in Sources */ = {isa = PBXBuildFile; fileRef = A91878EC29363BF90015E00E /* SafariView.swift */; };
		A9291BE928E2C328007F5F77 /* article.json in Resources */ = {isa = PBXBuildFile; fileRef = A9291BE828E2C328007F5F77 /* article.json */; };
		A9291BF428E301F3007F5F77 /* TranslationView.swift in Sources */ = {isa = PBXBuildFile; fileRef = A9291BF328E301F3007F5F77 /* TranslationView.swift */; };
		A9299F1D2922606500A88CF0 /* CollectSizePreference.swift in Sources */ = {isa = PBXBuildFile; fileRef = A9299F1C2922606500A88CF0 /* CollectSizePreference.swift */; };
		A9299F222923BEF000A88CF0 /* UIDeviceExtension.swift in Sources */ = {isa = PBXBuildFile; fileRef = A9299F212923BEF000A88CF0 /* UIDeviceExtension.swift */; };
		A931F2612A0521D300974C6B /* DailyBrief.swift in Sources */ = {isa = PBXBuildFile; fileRef = A931F25B2A0521D200974C6B /* DailyBrief.swift */; };
		A931F2622A0521D300974C6B /* DailyBriefRow.swift in Sources */ = {isa = PBXBuildFile; fileRef = A931F25C2A0521D200974C6B /* DailyBriefRow.swift */; };
		A931F2632A0521D300974C6B /* DailyBriefArticleView.swift in Sources */ = {isa = PBXBuildFile; fileRef = A931F25D2A0521D200974C6B /* DailyBriefArticleView.swift */; };
		A931F2642A0521D300974C6B /* DailyBriefList.swift in Sources */ = {isa = PBXBuildFile; fileRef = A931F25E2A0521D300974C6B /* DailyBriefList.swift */; };
		A931F2652A0521D300974C6B /* DailyBriefOverView.swift in Sources */ = {isa = PBXBuildFile; fileRef = A931F25F2A0521D300974C6B /* DailyBriefOverView.swift */; };
		A931F26F2A05230E00974C6B /* SwiftSoup in Frameworks */ = {isa = PBXBuildFile; productRef = A931F26E2A05230E00974C6B /* SwiftSoup */; };
		A931F2712A05EA8600974C6B /* DailyBriefModelData.swift in Sources */ = {isa = PBXBuildFile; fileRef = A931F2702A05EA8600974C6B /* DailyBriefModelData.swift */; };
		A931F2742A060ACE00974C6B /* Nuke in Frameworks */ = {isa = PBXBuildFile; productRef = A931F2732A060ACE00974C6B /* Nuke */; };
		A931F2762A060B5300974C6B /* NukeUI in Frameworks */ = {isa = PBXBuildFile; productRef = A931F2752A060B5300974C6B /* NukeUI */; };
		A931F2782A06363300974C6B /* ImageDetailView.swift in Sources */ = {isa = PBXBuildFile; fileRef = A931F2772A06363300974C6B /* ImageDetailView.swift */; };
		A93DFF1528E1F59400FC5BAE /* Daily_NewsApp.swift in Sources */ = {isa = PBXBuildFile; fileRef = A93DFF1428E1F59400FC5BAE /* Daily_NewsApp.swift */; };
		A93DFF1728E1F59400FC5BAE /* ArticleView.swift in Sources */ = {isa = PBXBuildFile; fileRef = A93DFF1628E1F59400FC5BAE /* ArticleView.swift */; };
		A93DFF1928E1F59400FC5BAE /* Assets.xcassets in Resources */ = {isa = PBXBuildFile; fileRef = A93DFF1828E1F59400FC5BAE /* Assets.xcassets */; };
		A93DFF1D28E1F59400FC5BAE /* Preview Assets.xcassets in Resources */ = {isa = PBXBuildFile; fileRef = A93DFF1C28E1F59400FC5BAE /* Preview Assets.xcassets */; };
		A93DFF2728E1F5CF00FC5BAE /* Article.swift in Sources */ = {isa = PBXBuildFile; fileRef = A93DFF2628E1F5CF00FC5BAE /* Article.swift */; };
		A93DFF2928E1F62A00FC5BAE /* Contents.swift in Sources */ = {isa = PBXBuildFile; fileRef = A93DFF2828E1F62A00FC5BAE /* Contents.swift */; };
		A93DFF2B28E1F6DD00FC5BAE /* ModelData.swift in Sources */ = {isa = PBXBuildFile; fileRef = A93DFF2A28E1F6DD00FC5BAE /* ModelData.swift */; };
		A955CCAB2A08CA0D00EF133D /* AppIcon.swift in Sources */ = {isa = PBXBuildFile; fileRef = A955CCAA2A08CA0D00EF133D /* AppIcon.swift */; };
		A955CCAD2A08CAAF00EF133D /* ChangeAppIconViewModel.swift in Sources */ = {isa = PBXBuildFile; fileRef = A955CCAC2A08CAAF00EF133D /* ChangeAppIconViewModel.swift */; };
		A955CCAF2A08CAE400EF133D /* SettingView.swift in Sources */ = {isa = PBXBuildFile; fileRef = A955CCAE2A08CAE400EF133D /* SettingView.swift */; };
		A956E89229F7EDEB00D9D729 /* YouTubeVideo.swift in Sources */ = {isa = PBXBuildFile; fileRef = A956E89129F7EDEB00D9D729 /* YouTubeVideo.swift */; };
		A956E89429F7EE0100D9D729 /* YouTubeVideoView.swift in Sources */ = {isa = PBXBuildFile; fileRef = A956E89329F7EE0100D9D729 /* YouTubeVideoView.swift */; };
		A96A15EB29379A4A003BCDD5 /* ArticlePeekView.swift in Sources */ = {isa = PBXBuildFile; fileRef = A96A15EA29379A4A003BCDD5 /* ArticlePeekView.swift */; };
		A96A15EF2937AA73003BCDD5 /* DailyArticleModelData.swift in Sources */ = {isa = PBXBuildFile; fileRef = A96A15EE2937AA73003BCDD5 /* DailyArticleModelData.swift */; };
		A98E2CF12A0920CE002EB4F0 /* ShareSheet.swift in Sources */ = {isa = PBXBuildFile; fileRef = A98E2CF02A0920CE002EB4F0 /* ShareSheet.swift */; };
		A9AC8E9B29F3B57B00B06412 /* DictionaryTextModifier.swift in Sources */ = {isa = PBXBuildFile; fileRef = A9AC8E9829F3B57A00B06412 /* DictionaryTextModifier.swift */; };
		A9AC8E9C29F3B57B00B06412 /* DictionarySearchViewController.swift in Sources */ = {isa = PBXBuildFile; fileRef = A9AC8E9929F3B57A00B06412 /* DictionarySearchViewController.swift */; };
		A9AC8E9D29F3B57B00B06412 /* DictionaryText.swift in Sources */ = {isa = PBXBuildFile; fileRef = A9AC8E9A29F3B57B00B06412 /* DictionaryText.swift */; };
		A9B3D7012A0DFF95004E8E8D /* DailyBriefOverView_iPad.swift in Sources */ = {isa = PBXBuildFile; fileRef = A9B3D7002A0DFF95004E8E8D /* DailyBriefOverView_iPad.swift */; };
/* End PBXBuildFile section */

/* Begin PBXFileReference section */
		A90F852628E3424900DDA5E0 /* Database.swift */ = {isa = PBXFileReference; lastKnownFileType = sourcecode.swift; path = Database.swift; sourceTree = "<group>"; };
		A90F852928E3463C00DDA5E0 /* MagazineList.swift */ = {isa = PBXFileReference; lastKnownFileType = sourcecode.swift; path = MagazineList.swift; sourceTree = "<group>"; };
		A90F852B28E350CD00DDA5E0 /* MagazineCoverRow.swift */ = {isa = PBXFileReference; lastKnownFileType = sourcecode.swift; path = MagazineCoverRow.swift; sourceTree = "<group>"; };
		A90F852D28E3580300DDA5E0 /* ArticleConetntsList.swift */ = {isa = PBXFileReference; lastKnownFileType = sourcecode.swift; path = ArticleConetntsList.swift; sourceTree = "<group>"; };
		A90F853028E3622000DDA5E0 /* Extensions.swift */ = {isa = PBXFileReference; lastKnownFileType = sourcecode.swift; path = Extensions.swift; sourceTree = "<group>"; };
		A90F853228E3F0D100DDA5E0 /* ArticleContentRow.swift */ = {isa = PBXFileReference; lastKnownFileType = sourcecode.swift; path = ArticleContentRow.swift; sourceTree = "<group>"; };
		A91878EC29363BF90015E00E /* SafariView.swift */ = {isa = PBXFileReference; lastKnownFileType = sourcecode.swift; path = SafariView.swift; sourceTree = "<group>"; };
		A9291BE828E2C328007F5F77 /* article.json */ = {isa = PBXFileReference; fileEncoding = 4; lastKnownFileType = text.json; path = article.json; sourceTree = "<group>"; };
		A9291BF328E301F3007F5F77 /* TranslationView.swift */ = {isa = PBXFileReference; lastKnownFileType = sourcecode.swift; path = TranslationView.swift; sourceTree = "<group>"; };
		A9299F1C2922606500A88CF0 /* CollectSizePreference.swift */ = {isa = PBXFileReference; lastKnownFileType = sourcecode.swift; path = CollectSizePreference.swift; sourceTree = "<group>"; };
		A9299F212923BEF000A88CF0 /* UIDeviceExtension.swift */ = {isa = PBXFileReference; lastKnownFileType = sourcecode.swift; path = UIDeviceExtension.swift; sourceTree = "<group>"; };
		A931F25B2A0521D200974C6B /* DailyBrief.swift */ = {isa = PBXFileReference; fileEncoding = 4; lastKnownFileType = sourcecode.swift; path = DailyBrief.swift; sourceTree = "<group>"; };
		A931F25C2A0521D200974C6B /* DailyBriefRow.swift */ = {isa = PBXFileReference; fileEncoding = 4; lastKnownFileType = sourcecode.swift; path = DailyBriefRow.swift; sourceTree = "<group>"; };
		A931F25D2A0521D200974C6B /* DailyBriefArticleView.swift */ = {isa = PBXFileReference; fileEncoding = 4; lastKnownFileType = sourcecode.swift; path = DailyBriefArticleView.swift; sourceTree = "<group>"; };
		A931F25E2A0521D300974C6B /* DailyBriefList.swift */ = {isa = PBXFileReference; fileEncoding = 4; lastKnownFileType = sourcecode.swift; path = DailyBriefList.swift; sourceTree = "<group>"; };
		A931F25F2A0521D300974C6B /* DailyBriefOverView.swift */ = {isa = PBXFileReference; fileEncoding = 4; lastKnownFileType = sourcecode.swift; path = DailyBriefOverView.swift; sourceTree = "<group>"; };
		A931F26D2A0522E700974C6B /* SwiftSoup-master */ = {isa = PBXFileReference; lastKnownFileType = wrapper; name = "SwiftSoup-master"; path = "../../../SwiftSoup-master"; sourceTree = "<group>"; };
		A931F2702A05EA8600974C6B /* DailyBriefModelData.swift */ = {isa = PBXFileReference; lastKnownFileType = sourcecode.swift; path = DailyBriefModelData.swift; sourceTree = "<group>"; };
		A931F2722A060AC300974C6B /* Nuke-main */ = {isa = PBXFileReference; lastKnownFileType = wrapper; name = "Nuke-main"; path = "../../Nuke-main"; sourceTree = "<group>"; };
		A931F2772A06363300974C6B /* ImageDetailView.swift */ = {isa = PBXFileReference; lastKnownFileType = sourcecode.swift; path = ImageDetailView.swift; sourceTree = "<group>"; };
		A93DFF1128E1F59400FC5BAE /* Daily News.app */ = {isa = PBXFileReference; explicitFileType = wrapper.application; includeInIndex = 0; path = "Daily News.app"; sourceTree = BUILT_PRODUCTS_DIR; };
		A93DFF1428E1F59400FC5BAE /* Daily_NewsApp.swift */ = {isa = PBXFileReference; lastKnownFileType = sourcecode.swift; path = Daily_NewsApp.swift; sourceTree = "<group>"; };
		A93DFF1628E1F59400FC5BAE /* ArticleView.swift */ = {isa = PBXFileReference; lastKnownFileType = sourcecode.swift; path = ArticleView.swift; sourceTree = "<group>"; };
		A93DFF1828E1F59400FC5BAE /* Assets.xcassets */ = {isa = PBXFileReference; lastKnownFileType = folder.assetcatalog; path = Assets.xcassets; sourceTree = "<group>"; };
		A93DFF1A28E1F59400FC5BAE /* Daily_News.entitlements */ = {isa = PBXFileReference; lastKnownFileType = text.plist.entitlements; path = Daily_News.entitlements; sourceTree = "<group>"; };
		A93DFF1C28E1F59400FC5BAE /* Preview Assets.xcassets */ = {isa = PBXFileReference; lastKnownFileType = folder.assetcatalog; path = "Preview Assets.xcassets"; sourceTree = "<group>"; };
		A93DFF2628E1F5CF00FC5BAE /* Article.swift */ = {isa = PBXFileReference; lastKnownFileType = sourcecode.swift; path = Article.swift; sourceTree = "<group>"; };
		A93DFF2828E1F62A00FC5BAE /* Contents.swift */ = {isa = PBXFileReference; lastKnownFileType = sourcecode.swift; path = Contents.swift; sourceTree = "<group>"; };
		A93DFF2A28E1F6DD00FC5BAE /* ModelData.swift */ = {isa = PBXFileReference; lastKnownFileType = sourcecode.swift; path = ModelData.swift; sourceTree = "<group>"; };
		A955CCAA2A08CA0D00EF133D /* AppIcon.swift */ = {isa = PBXFileReference; lastKnownFileType = sourcecode.swift; path = AppIcon.swift; sourceTree = "<group>"; };
		A955CCAC2A08CAAF00EF133D /* ChangeAppIconViewModel.swift */ = {isa = PBXFileReference; lastKnownFileType = sourcecode.swift; path = ChangeAppIconViewModel.swift; sourceTree = "<group>"; };
		A955CCAE2A08CAE400EF133D /* SettingView.swift */ = {isa = PBXFileReference; lastKnownFileType = sourcecode.swift; path = SettingView.swift; sourceTree = "<group>"; };
		A956E89129F7EDEB00D9D729 /* YouTubeVideo.swift */ = {isa = PBXFileReference; lastKnownFileType = sourcecode.swift; path = YouTubeVideo.swift; sourceTree = "<group>"; };
		A956E89329F7EE0100D9D729 /* YouTubeVideoView.swift */ = {isa = PBXFileReference; lastKnownFileType = sourcecode.swift; path = YouTubeVideoView.swift; sourceTree = "<group>"; };
		A96A15EA29379A4A003BCDD5 /* ArticlePeekView.swift */ = {isa = PBXFileReference; lastKnownFileType = sourcecode.swift; path = ArticlePeekView.swift; sourceTree = "<group>"; };
		A96A15EE2937AA73003BCDD5 /* DailyArticleModelData.swift */ = {isa = PBXFileReference; lastKnownFileType = sourcecode.swift; path = DailyArticleModelData.swift; sourceTree = "<group>"; };
		A98E2CF02A0920CE002EB4F0 /* ShareSheet.swift */ = {isa = PBXFileReference; lastKnownFileType = sourcecode.swift; path = ShareSheet.swift; sourceTree = "<group>"; };
		A9AC8E9829F3B57A00B06412 /* DictionaryTextModifier.swift */ = {isa = PBXFileReference; fileEncoding = 4; lastKnownFileType = sourcecode.swift; path = DictionaryTextModifier.swift; sourceTree = "<group>"; };
		A9AC8E9929F3B57A00B06412 /* DictionarySearchViewController.swift */ = {isa = PBXFileReference; fileEncoding = 4; lastKnownFileType = sourcecode.swift; path = DictionarySearchViewController.swift; sourceTree = "<group>"; };
		A9AC8E9A29F3B57B00B06412 /* DictionaryText.swift */ = {isa = PBXFileReference; fileEncoding = 4; lastKnownFileType = sourcecode.swift; path = DictionaryText.swift; sourceTree = "<group>"; };
		A9AC8E9E29F3B59A00B06412 /* Daily-News-Info.plist */ = {isa = PBXFileReference; lastKnownFileType = text.plist; path = "Daily-News-Info.plist"; sourceTree = SOURCE_ROOT; };
		A9B3D7002A0DFF95004E8E8D /* DailyBriefOverView_iPad.swift */ = {isa = PBXFileReference; lastKnownFileType = sourcecode.swift; path = DailyBriefOverView_iPad.swift; sourceTree = "<group>"; };
/* End PBXFileReference section */

/* Begin PBXFrameworksBuildPhase section */
		A93DFF0E28E1F59300FC5BAE /* Frameworks */ = {
			isa = PBXFrameworksBuildPhase;
			buildActionMask = 2147483647;
			files = (
				A931F2762A060B5300974C6B /* NukeUI in Frameworks */,
				A931F26F2A05230E00974C6B /* SwiftSoup in Frameworks */,
				A931F2742A060ACE00974C6B /* Nuke in Frameworks */,
			);
			runOnlyForDeploymentPostprocessing = 0;
		};
/* End PBXFrameworksBuildPhase section */

/* Begin PBXGroup section */
		A90F852828E3462A00DDA5E0 /* Views */ = {
			isa = PBXGroup;
			children = (
				A90F852928E3463C00DDA5E0 /* MagazineList.swift */,
				A956E89029F7EDDB00D9D729 /* YouTubeView */,
				A9AC8E9729F3B56A00B06412 /* DictionaryView */,
				A96A15E929379A12003BCDD5 /* Home */,
				A90F852B28E350CD00DDA5E0 /* MagazineCoverRow.swift */,
				A90F852D28E3580300DDA5E0 /* ArticleConetntsList.swift */,
				A90F853228E3F0D100DDA5E0 /* ArticleContentRow.swift */,
				A93DFF1628E1F59400FC5BAE /* ArticleView.swift */,
				A98E2CF02A0920CE002EB4F0 /* ShareSheet.swift */,
				A91878EC29363BF90015E00E /* SafariView.swift */,
				A9291BF328E301F3007F5F77 /* TranslationView.swift */,
				A931F2772A06363300974C6B /* ImageDetailView.swift */,
				A955CCAE2A08CAE400EF133D /* SettingView.swift */,
				A931F25A2A0521AE00974C6B /* Espresso */,
			);
			path = Views;
			sourceTree = "<group>";
		};
		A90F852F28E3621400DDA5E0 /* Extensions */ = {
			isa = PBXGroup;
			children = (
				A90F853028E3622000DDA5E0 /* Extensions.swift */,
				A9299F212923BEF000A88CF0 /* UIDeviceExtension.swift */,
				A9299F1E2922607B00A88CF0 /* CollectSize */,
			);
			path = Extensions;
			sourceTree = "<group>";
		};
		A9299F1E2922607B00A88CF0 /* CollectSize */ = {
			isa = PBXGroup;
			children = (
				A9299F1C2922606500A88CF0 /* CollectSizePreference.swift */,
			);
			path = CollectSize;
			sourceTree = "<group>";
		};
		A931F25A2A0521AE00974C6B /* Espresso */ = {
			isa = PBXGroup;
			children = (
				A931F25B2A0521D200974C6B /* DailyBrief.swift */,
				A931F25D2A0521D200974C6B /* DailyBriefArticleView.swift */,
				A9B3D7002A0DFF95004E8E8D /* DailyBriefOverView_iPad.swift */,
				A931F25E2A0521D300974C6B /* DailyBriefList.swift */,
				A931F25F2A0521D300974C6B /* DailyBriefOverView.swift */,
				A931F25C2A0521D200974C6B /* DailyBriefRow.swift */,
			);
			path = Espresso;
			sourceTree = "<group>";
		};
		A931F26A2A05226900974C6B /* Packages */ = {
			isa = PBXGroup;
			children = (
				A931F26D2A0522E700974C6B /* SwiftSoup-master */,
				A931F2722A060AC300974C6B /* Nuke-main */,
			);
			name = Packages;
			sourceTree = "<group>";
		};
		A93DFF0828E1F59300FC5BAE = {
			isa = PBXGroup;
			children = (
				A931F26A2A05226900974C6B /* Packages */,
				A93DFF1328E1F59400FC5BAE /* Daily News */,
				A93DFF1228E1F59400FC5BAE /* Products */,
				A95169172938DB72008D1393 /* Frameworks */,
			);
			sourceTree = "<group>";
		};
		A93DFF1228E1F59400FC5BAE /* Products */ = {
			isa = PBXGroup;
			children = (
				A93DFF1128E1F59400FC5BAE /* Daily News.app */,
			);
			name = Products;
			sourceTree = "<group>";
		};
		A93DFF1328E1F59400FC5BAE /* Daily News */ = {
			isa = PBXGroup;
			children = (
				A9AC8E9E29F3B59A00B06412 /* Daily-News-Info.plist */,
				A93DFF1428E1F59400FC5BAE /* Daily_NewsApp.swift */,
				A93DFF2528E1F5C100FC5BAE /* Model */,
				A90F852828E3462A00DDA5E0 /* Views */,
				A90F852F28E3621400DDA5E0 /* Extensions */,
				A9291BE828E2C328007F5F77 /* article.json */,
				A93DFF1828E1F59400FC5BAE /* Assets.xcassets */,
				A93DFF1A28E1F59400FC5BAE /* Daily_News.entitlements */,
				A93DFF1B28E1F59400FC5BAE /* Preview Content */,
			);
			path = "Daily News";
			sourceTree = "<group>";
		};
		A93DFF1B28E1F59400FC5BAE /* Preview Content */ = {
			isa = PBXGroup;
			children = (
				A93DFF1C28E1F59400FC5BAE /* Preview Assets.xcassets */,
			);
			path = "Preview Content";
			sourceTree = "<group>";
		};
		A93DFF2528E1F5C100FC5BAE /* Model */ = {
			isa = PBXGroup;
			children = (
				A93DFF2628E1F5CF00FC5BAE /* Article.swift */,
				A955CCAA2A08CA0D00EF133D /* AppIcon.swift */,
				A955CCAC2A08CAAF00EF133D /* ChangeAppIconViewModel.swift */,
				A90F852628E3424900DDA5E0 /* Database.swift */,
				A93DFF2828E1F62A00FC5BAE /* Contents.swift */,
				A93DFF2A28E1F6DD00FC5BAE /* ModelData.swift */,
				A931F2702A05EA8600974C6B /* DailyBriefModelData.swift */,
				A96A15EE2937AA73003BCDD5 /* DailyArticleModelData.swift */,
			);
			path = Model;
			sourceTree = "<group>";
		};
		A95169172938DB72008D1393 /* Frameworks */ = {
			isa = PBXGroup;
			children = (
			);
			name = Frameworks;
			sourceTree = "<group>";
		};
		A956E89029F7EDDB00D9D729 /* YouTubeView */ = {
			isa = PBXGroup;
			children = (
				A956E89129F7EDEB00D9D729 /* YouTubeVideo.swift */,
				A956E89329F7EE0100D9D729 /* YouTubeVideoView.swift */,
			);
			path = YouTubeView;
			sourceTree = "<group>";
		};
		A96A15E929379A12003BCDD5 /* Home */ = {
			isa = PBXGroup;
			children = (
				A96A15EA29379A4A003BCDD5 /* ArticlePeekView.swift */,
			);
			path = Home;
			sourceTree = "<group>";
		};
		A9AC8E9729F3B56A00B06412 /* DictionaryView */ = {
			isa = PBXGroup;
			children = (
				A9AC8E9929F3B57A00B06412 /* DictionarySearchViewController.swift */,
				A9AC8E9A29F3B57B00B06412 /* DictionaryText.swift */,
				A9AC8E9829F3B57A00B06412 /* DictionaryTextModifier.swift */,
			);
			path = DictionaryView;
			sourceTree = "<group>";
		};
/* End PBXGroup section */

/* Begin PBXNativeTarget section */
		A93DFF1028E1F59300FC5BAE /* Daily News */ = {
			isa = PBXNativeTarget;
			buildConfigurationList = A93DFF2028E1F59400FC5BAE /* Build configuration list for PBXNativeTarget "Daily News" */;
			buildPhases = (
				A93DFF0D28E1F59300FC5BAE /* Sources */,
				A93DFF0E28E1F59300FC5BAE /* Frameworks */,
				A93DFF0F28E1F59300FC5BAE /* Resources */,
			);
			buildRules = (
			);
			dependencies = (
			);
			name = "Daily News";
			packageProductDependencies = (
				A931F26E2A05230E00974C6B /* SwiftSoup */,
				A931F2732A060ACE00974C6B /* Nuke */,
				A931F2752A060B5300974C6B /* NukeUI */,
			);
			productName = "Daily News";
			productReference = A93DFF1128E1F59400FC5BAE /* Daily News.app */;
			productType = "com.apple.product-type.application";
		};
/* End PBXNativeTarget section */

/* Begin PBXProject section */
		A93DFF0928E1F59300FC5BAE /* Project object */ = {
			isa = PBXProject;
			attributes = {
				BuildIndependentTargetsInParallel = 1;
				LastSwiftUpdateCheck = 1400;
				LastUpgradeCheck = 1410;
				TargetAttributes = {
					A93DFF1028E1F59300FC5BAE = {
						CreatedOnToolsVersion = 14.0;
					};
				};
			};
			buildConfigurationList = A93DFF0C28E1F59300FC5BAE /* Build configuration list for PBXProject "Daily News" */;
			compatibilityVersion = "Xcode 14.0";
			developmentRegion = en;
			hasScannedForEncodings = 0;
			knownRegions = (
				en,
				Base,
			);
			mainGroup = A93DFF0828E1F59300FC5BAE;
			packageReferences = (
			);
			productRefGroup = A93DFF1228E1F59400FC5BAE /* Products */;
			projectDirPath = "";
			projectRoot = "";
			targets = (
				A93DFF1028E1F59300FC5BAE /* Daily News */,
			);
		};
/* End PBXProject section */

/* Begin PBXResourcesBuildPhase section */
		A93DFF0F28E1F59300FC5BAE /* Resources */ = {
			isa = PBXResourcesBuildPhase;
			buildActionMask = 2147483647;
			files = (
				A93DFF1D28E1F59400FC5BAE /* Preview Assets.xcassets in Resources */,
				A93DFF1928E1F59400FC5BAE /* Assets.xcassets in Resources */,
				A9291BE928E2C328007F5F77 /* article.json in Resources */,
			);
			runOnlyForDeploymentPostprocessing = 0;
		};
/* End PBXResourcesBuildPhase section */

/* Begin PBXSourcesBuildPhase section */
		A93DFF0D28E1F59300FC5BAE /* Sources */ = {
			isa = PBXSourcesBuildPhase;
			buildActionMask = 2147483647;
			files = (
				A9299F1D2922606500A88CF0 /* CollectSizePreference.swift in Sources */,
				A90F853128E3622000DDA5E0 /* Extensions.swift in Sources */,
				A9291BF428E301F3007F5F77 /* TranslationView.swift in Sources */,
				A96A15EB29379A4A003BCDD5 /* ArticlePeekView.swift in Sources */,
				A9B3D7012A0DFF95004E8E8D /* DailyBriefOverView_iPad.swift in Sources */,
				A93DFF1728E1F59400FC5BAE /* ArticleView.swift in Sources */,
				A93DFF2B28E1F6DD00FC5BAE /* ModelData.swift in Sources */,
				A93DFF1528E1F59400FC5BAE /* Daily_NewsApp.swift in Sources */,
				A90F853328E3F0D100DDA5E0 /* ArticleContentRow.swift in Sources */,
				A93DFF2728E1F5CF00FC5BAE /* Article.swift in Sources */,
				A956E89229F7EDEB00D9D729 /* YouTubeVideo.swift in Sources */,
				A98E2CF12A0920CE002EB4F0 /* ShareSheet.swift in Sources */,
				A931F2712A05EA8600974C6B /* DailyBriefModelData.swift in Sources */,
				A90F852A28E3463C00DDA5E0 /* MagazineList.swift in Sources */,
				A90F852E28E3580300DDA5E0 /* ArticleConetntsList.swift in Sources */,
				A96A15EF2937AA73003BCDD5 /* DailyArticleModelData.swift in Sources */,
				A90F852C28E350CD00DDA5E0 /* MagazineCoverRow.swift in Sources */,
				A955CCAD2A08CAAF00EF133D /* ChangeAppIconViewModel.swift in Sources */,
				A91878ED29363BF90015E00E /* SafariView.swift in Sources */,
				A931F2632A0521D300974C6B /* DailyBriefArticleView.swift in Sources */,
				A9299F222923BEF000A88CF0 /* UIDeviceExtension.swift in Sources */,
				A931F2612A0521D300974C6B /* DailyBrief.swift in Sources */,
				A931F2622A0521D300974C6B /* DailyBriefRow.swift in Sources */,
				A955CCAB2A08CA0D00EF133D /* AppIcon.swift in Sources */,
				A9AC8E9B29F3B57B00B06412 /* DictionaryTextModifier.swift in Sources */,
				A90F852728E3424900DDA5E0 /* Database.swift in Sources */,
				A9AC8E9C29F3B57B00B06412 /* DictionarySearchViewController.swift in Sources */,
				A9AC8E9D29F3B57B00B06412 /* DictionaryText.swift in Sources */,
				A956E89429F7EE0100D9D729 /* YouTubeVideoView.swift in Sources */,
				A931F2642A0521D300974C6B /* DailyBriefList.swift in Sources */,
				A931F2782A06363300974C6B /* ImageDetailView.swift in Sources */,
				A955CCAF2A08CAE400EF133D /* SettingView.swift in Sources */,
				A931F2652A0521D300974C6B /* DailyBriefOverView.swift in Sources */,
				A93DFF2928E1F62A00FC5BAE /* Contents.swift in Sources */,
			);
			runOnlyForDeploymentPostprocessing = 0;
		};
/* End PBXSourcesBuildPhase section */

/* Begin XCBuildConfiguration section */
		A93DFF1E28E1F59400FC5BAE /* Debug */ = {
			isa = XCBuildConfiguration;
			buildSettings = {
				ALWAYS_SEARCH_USER_PATHS = NO;
				CLANG_ANALYZER_NONNULL = YES;
				CLANG_ANALYZER_NUMBER_OBJECT_CONVERSION = YES_AGGRESSIVE;
				CLANG_CXX_LANGUAGE_STANDARD = "gnu++20";
				CLANG_ENABLE_MODULES = YES;
				CLANG_ENABLE_OBJC_ARC = YES;
				CLANG_ENABLE_OBJC_WEAK = YES;
				CLANG_WARN_BLOCK_CAPTURE_AUTORELEASING = YES;
				CLANG_WARN_BOOL_CONVERSION = YES;
				CLANG_WARN_COMMA = YES;
				CLANG_WARN_CONSTANT_CONVERSION = YES;
				CLANG_WARN_DEPRECATED_OBJC_IMPLEMENTATIONS = YES;
				CLANG_WARN_DIRECT_OBJC_ISA_USAGE = YES_ERROR;
				CLANG_WARN_DOCUMENTATION_COMMENTS = YES;
				CLANG_WARN_EMPTY_BODY = YES;
				CLANG_WARN_ENUM_CONVERSION = YES;
				CLANG_WARN_INFINITE_RECURSION = YES;
				CLANG_WARN_INT_CONVERSION = YES;
				CLANG_WARN_NON_LITERAL_NULL_CONVERSION = YES;
				CLANG_WARN_OBJC_IMPLICIT_RETAIN_SELF = YES;
				CLANG_WARN_OBJC_LITERAL_CONVERSION = YES;
				CLANG_WARN_OBJC_ROOT_CLASS = YES_ERROR;
				CLANG_WARN_QUOTED_INCLUDE_IN_FRAMEWORK_HEADER = YES;
				CLANG_WARN_RANGE_LOOP_ANALYSIS = YES;
				CLANG_WARN_STRICT_PROTOTYPES = YES;
				CLANG_WARN_SUSPICIOUS_MOVE = YES;
				CLANG_WARN_UNGUARDED_AVAILABILITY = YES_AGGRESSIVE;
				CLANG_WARN_UNREACHABLE_CODE = YES;
				CLANG_WARN__DUPLICATE_METHOD_MATCH = YES;
				COPY_PHASE_STRIP = NO;
				DEAD_CODE_STRIPPING = YES;
				DEBUG_INFORMATION_FORMAT = dwarf;
				ENABLE_STRICT_OBJC_MSGSEND = YES;
				ENABLE_TESTABILITY = YES;
				GCC_C_LANGUAGE_STANDARD = gnu11;
				GCC_DYNAMIC_NO_PIC = NO;
				GCC_NO_COMMON_BLOCKS = YES;
				GCC_OPTIMIZATION_LEVEL = 0;
				GCC_PREPROCESSOR_DEFINITIONS = (
					"DEBUG=1",
					"$(inherited)",
				);
				GCC_WARN_64_TO_32_BIT_CONVERSION = YES;
				GCC_WARN_ABOUT_RETURN_TYPE = YES_ERROR;
				GCC_WARN_UNDECLARED_SELECTOR = YES;
				GCC_WARN_UNINITIALIZED_AUTOS = YES_AGGRESSIVE;
				GCC_WARN_UNUSED_FUNCTION = YES;
				GCC_WARN_UNUSED_VARIABLE = YES;
				IPHONEOS_DEPLOYMENT_TARGET = 15.0;
				MTL_ENABLE_DEBUG_INFO = INCLUDE_SOURCE;
				MTL_FAST_MATH = YES;
				ONLY_ACTIVE_ARCH = YES;
				SWIFT_ACTIVE_COMPILATION_CONDITIONS = DEBUG;
				SWIFT_OPTIMIZATION_LEVEL = "-Onone";
			};
			name = Debug;
		};
		A93DFF1F28E1F59400FC5BAE /* Release */ = {
			isa = XCBuildConfiguration;
			buildSettings = {
				ALWAYS_SEARCH_USER_PATHS = NO;
				CLANG_ANALYZER_NONNULL = YES;
				CLANG_ANALYZER_NUMBER_OBJECT_CONVERSION = YES_AGGRESSIVE;
				CLANG_CXX_LANGUAGE_STANDARD = "gnu++20";
				CLANG_ENABLE_MODULES = YES;
				CLANG_ENABLE_OBJC_ARC = YES;
				CLANG_ENABLE_OBJC_WEAK = YES;
				CLANG_WARN_BLOCK_CAPTURE_AUTORELEASING = YES;
				CLANG_WARN_BOOL_CONVERSION = YES;
				CLANG_WARN_COMMA = YES;
				CLANG_WARN_CONSTANT_CONVERSION = YES;
				CLANG_WARN_DEPRECATED_OBJC_IMPLEMENTATIONS = YES;
				CLANG_WARN_DIRECT_OBJC_ISA_USAGE = YES_ERROR;
				CLANG_WARN_DOCUMENTATION_COMMENTS = YES;
				CLANG_WARN_EMPTY_BODY = YES;
				CLANG_WARN_ENUM_CONVERSION = YES;
				CLANG_WARN_INFINITE_RECURSION = YES;
				CLANG_WARN_INT_CONVERSION = YES;
				CLANG_WARN_NON_LITERAL_NULL_CONVERSION = YES;
				CLANG_WARN_OBJC_IMPLICIT_RETAIN_SELF = YES;
				CLANG_WARN_OBJC_LITERAL_CONVERSION = YES;
				CLANG_WARN_OBJC_ROOT_CLASS = YES_ERROR;
				CLANG_WARN_QUOTED_INCLUDE_IN_FRAMEWORK_HEADER = YES;
				CLANG_WARN_RANGE_LOOP_ANALYSIS = YES;
				CLANG_WARN_STRICT_PROTOTYPES = YES;
				CLANG_WARN_SUSPICIOUS_MOVE = YES;
				CLANG_WARN_UNGUARDED_AVAILABILITY = YES_AGGRESSIVE;
				CLANG_WARN_UNREACHABLE_CODE = YES;
				CLANG_WARN__DUPLICATE_METHOD_MATCH = YES;
				COPY_PHASE_STRIP = NO;
				DEAD_CODE_STRIPPING = YES;
				DEBUG_INFORMATION_FORMAT = "dwarf-with-dsym";
				ENABLE_NS_ASSERTIONS = NO;
				ENABLE_STRICT_OBJC_MSGSEND = YES;
				GCC_C_LANGUAGE_STANDARD = gnu11;
				GCC_NO_COMMON_BLOCKS = YES;
				GCC_WARN_64_TO_32_BIT_CONVERSION = YES;
				GCC_WARN_ABOUT_RETURN_TYPE = YES_ERROR;
				GCC_WARN_UNDECLARED_SELECTOR = YES;
				GCC_WARN_UNINITIALIZED_AUTOS = YES_AGGRESSIVE;
				GCC_WARN_UNUSED_FUNCTION = YES;
				GCC_WARN_UNUSED_VARIABLE = YES;
				IPHONEOS_DEPLOYMENT_TARGET = 15.0;
				MTL_ENABLE_DEBUG_INFO = NO;
				MTL_FAST_MATH = YES;
				SWIFT_COMPILATION_MODE = wholemodule;
				SWIFT_OPTIMIZATION_LEVEL = "-O";
			};
			name = Release;
		};
		A93DFF2128E1F59400FC5BAE /* Debug */ = {
			isa = XCBuildConfiguration;
			buildSettings = {
				ASSETCATALOG_COMPILER_ALTERNATE_APPICON_NAMES = "AppIcon-applenews";
				"ASSETCATALOG_COMPILER_ALTERNATE_APPICON_NAMES[sdk=*]" = "AppIcon-economist";
				ASSETCATALOG_COMPILER_APPICON_NAME = AppIcon;
				ASSETCATALOG_COMPILER_GLOBAL_ACCENT_COLOR_NAME = AccentColor;
				ASSETCATALOG_COMPILER_INCLUDE_ALL_APPICON_ASSETS = YES;
				CODE_SIGN_ENTITLEMENTS = "Daily News/Daily_News.entitlements";
				CODE_SIGN_IDENTITY = "Apple Development";
				"CODE_SIGN_IDENTITY[sdk=macosx*]" = "Apple Development";
				CODE_SIGN_STYLE = Automatic;
				CURRENT_PROJECT_VERSION = 25;
				DEAD_CODE_STRIPPING = YES;
				DEVELOPMENT_ASSET_PATHS = "\"Daily News/Preview Content\"";
				DEVELOPMENT_TEAM = YRB62S584T;
				ENABLE_PREVIEWS = YES;
				GENERATE_INFOPLIST_FILE = YES;
				INFOPLIST_FILE = "Daily-News-Info.plist";
				INFOPLIST_KEY_CFBundleDisplayName = Economist;
				INFOPLIST_KEY_LSApplicationCategoryType = "public.app-category.magazines-and-newspapers";
				"INFOPLIST_KEY_UIApplicationSceneManifest_Generation[sdk=iphoneos*]" = YES;
				"INFOPLIST_KEY_UIApplicationSceneManifest_Generation[sdk=iphonesimulator*]" = YES;
				"INFOPLIST_KEY_UIApplicationSupportsIndirectInputEvents[sdk=iphoneos*]" = YES;
				"INFOPLIST_KEY_UIApplicationSupportsIndirectInputEvents[sdk=iphonesimulator*]" = YES;
				"INFOPLIST_KEY_UILaunchScreen_Generation[sdk=iphoneos*]" = YES;
				"INFOPLIST_KEY_UILaunchScreen_Generation[sdk=iphonesimulator*]" = YES;
				INFOPLIST_KEY_UIStatusBarStyle = "";
				"INFOPLIST_KEY_UIStatusBarStyle[sdk=iphoneos*]" = UIStatusBarStyleDefault;
				"INFOPLIST_KEY_UIStatusBarStyle[sdk=iphonesimulator*]" = UIStatusBarStyleDefault;
				INFOPLIST_KEY_UISupportedInterfaceOrientations = UIInterfaceOrientationPortrait;
				INFOPLIST_KEY_UISupportedInterfaceOrientations_iPad = "UIInterfaceOrientationLandscapeLeft UIInterfaceOrientationLandscapeRight UIInterfaceOrientationPortrait UIInterfaceOrientationPortraitUpsideDown";
				IPHONEOS_DEPLOYMENT_TARGET = 16.0;
				LD_RUNPATH_SEARCH_PATHS = "@executable_path/Frameworks";
				"LD_RUNPATH_SEARCH_PATHS[sdk=macosx*]" = "@executable_path/../Frameworks";
				MACOSX_DEPLOYMENT_TARGET = 12.3;
				MARKETING_VERSION = 1.6.4;
				PRODUCT_BUNDLE_IDENTIFIER = "com.Daily-News";
				PRODUCT_NAME = "$(TARGET_NAME)";
				PROVISIONING_PROFILE_SPECIFIER = "";
				SDKROOT = auto;
				SUPPORTED_PLATFORMS = "iphoneos iphonesimulator";
				SUPPORTS_MACCATALYST = YES;
				SUPPORTS_MAC_DESIGNED_FOR_IPHONE_IPAD = NO;
				SWIFT_EMIT_LOC_STRINGS = YES;
				SWIFT_VERSION = 5.0;
				TARGETED_DEVICE_FAMILY = "1,2";
			};
			name = Debug;
		};
		A93DFF2228E1F59400FC5BAE /* Release */ = {
			isa = XCBuildConfiguration;
			buildSettings = {
				ASSETCATALOG_COMPILER_ALTERNATE_APPICON_NAMES = "AppIcon-applenews";
				"ASSETCATALOG_COMPILER_ALTERNATE_APPICON_NAMES[sdk=*]" = "AppIcon-economist";
				ASSETCATALOG_COMPILER_APPICON_NAME = AppIcon;
				"ASSETCATALOG_COMPILER_APPICON_NAME[sdk=iphoneos*]" = AppIcon;
				ASSETCATALOG_COMPILER_GLOBAL_ACCENT_COLOR_NAME = AccentColor;
				ASSETCATALOG_COMPILER_INCLUDE_ALL_APPICON_ASSETS = YES;
				CODE_SIGN_ENTITLEMENTS = "Daily News/Daily_News.entitlements";
				CODE_SIGN_IDENTITY = "Apple Development";
				"CODE_SIGN_IDENTITY[sdk=macosx*]" = "Apple Development";
				CODE_SIGN_STYLE = Automatic;
				CURRENT_PROJECT_VERSION = 25;
				DEAD_CODE_STRIPPING = YES;
				DEVELOPMENT_ASSET_PATHS = "\"Daily News/Preview Content\"";
				DEVELOPMENT_TEAM = YRB62S584T;
				ENABLE_PREVIEWS = YES;
				GENERATE_INFOPLIST_FILE = YES;
				INFOPLIST_FILE = "Daily-News-Info.plist";
				INFOPLIST_KEY_CFBundleDisplayName = Economist;
				INFOPLIST_KEY_LSApplicationCategoryType = "public.app-category.magazines-and-newspapers";
				"INFOPLIST_KEY_UIApplicationSceneManifest_Generation[sdk=iphoneos*]" = YES;
				"INFOPLIST_KEY_UIApplicationSceneManifest_Generation[sdk=iphonesimulator*]" = YES;
				"INFOPLIST_KEY_UIApplicationSupportsIndirectInputEvents[sdk=iphoneos*]" = YES;
				"INFOPLIST_KEY_UIApplicationSupportsIndirectInputEvents[sdk=iphonesimulator*]" = YES;
				"INFOPLIST_KEY_UILaunchScreen_Generation[sdk=iphoneos*]" = YES;
				"INFOPLIST_KEY_UILaunchScreen_Generation[sdk=iphonesimulator*]" = YES;
				INFOPLIST_KEY_UIStatusBarStyle = "";
				"INFOPLIST_KEY_UIStatusBarStyle[sdk=iphoneos*]" = UIStatusBarStyleDefault;
				"INFOPLIST_KEY_UIStatusBarStyle[sdk=iphonesimulator*]" = UIStatusBarStyleDefault;
				INFOPLIST_KEY_UISupportedInterfaceOrientations = UIInterfaceOrientationPortrait;
				INFOPLIST_KEY_UISupportedInterfaceOrientations_iPad = "UIInterfaceOrientationLandscapeLeft UIInterfaceOrientationLandscapeRight UIInterfaceOrientationPortrait UIInterfaceOrientationPortraitUpsideDown";
				IPHONEOS_DEPLOYMENT_TARGET = 16.0;
				LD_RUNPATH_SEARCH_PATHS = "@executable_path/Frameworks";
				"LD_RUNPATH_SEARCH_PATHS[sdk=macosx*]" = "@executable_path/../Frameworks";
				MACOSX_DEPLOYMENT_TARGET = 12.3;
				MARKETING_VERSION = 1.6.4;
				PRODUCT_BUNDLE_IDENTIFIER = "com.Daily-News";
				PRODUCT_NAME = "$(TARGET_NAME)";
				PROVISIONING_PROFILE_SPECIFIER = "";
				SDKROOT = auto;
				SUPPORTED_PLATFORMS = "iphoneos iphonesimulator";
				SUPPORTS_MACCATALYST = YES;
				SUPPORTS_MAC_DESIGNED_FOR_IPHONE_IPAD = NO;
				SWIFT_EMIT_LOC_STRINGS = YES;
				SWIFT_VERSION = 5.0;
				TARGETED_DEVICE_FAMILY = "1,2";
			};
			name = Release;
		};
/* End XCBuildConfiguration section */

/* Begin XCConfigurationList section */
		A93DFF0C28E1F59300FC5BAE /* Build configuration list for PBXProject "Daily News" */ = {
			isa = XCConfigurationList;
			buildConfigurations = (
				A93DFF1E28E1F59400FC5BAE /* Debug */,
				A93DFF1F28E1F59400FC5BAE /* Release */,
			);
			defaultConfigurationIsVisible = 0;
			defaultConfigurationName = Release;
		};
		A93DFF2028E1F59400FC5BAE /* Build configuration list for PBXNativeTarget "Daily News" */ = {
			isa = XCConfigurationList;
			buildConfigurations = (
				A93DFF2128E1F59400FC5BAE /* Debug */,
				A93DFF2228E1F59400FC5BAE /* Release */,
			);
			defaultConfigurationIsVisible = 0;
			defaultConfigurationName = Release;
		};
/* End XCConfigurationList section */

/* Begin XCSwiftPackageProductDependency section */
		A931F26E2A05230E00974C6B /* SwiftSoup */ = {
			isa = XCSwiftPackageProductDependency;
			productName = SwiftSoup;
		};
		A931F2732A060ACE00974C6B /* Nuke */ = {
			isa = XCSwiftPackageProductDependency;
			productName = Nuke;
		};
		A931F2752A060B5300974C6B /* NukeUI */ = {
			isa = XCSwiftPackageProductDependency;
			productName = NukeUI;
		};
/* End XCSwiftPackageProductDependency section */
	};
	rootObject = A93DFF0928E1F59300FC5BAE /* Project object */;
}
